
Microsoft Visual Studio Solution File, Format Version 12.00
Project("{FAE04EC0-301F-11D3-BF4B-00C04F79EFBC}") = "UploadImage.API", "UploadImage.API\UploadImage.API.csproj", "{9F5F05B2-A360-4120-A5C9-42D0C8FE577D}"
EndProject
Global
	GlobalSection(SolutionConfigurationPlatforms) = preSolution
		Debug|Any CPU = Debug|Any CPU
		Release|Any CPU = Release|Any CPU
	EndGlobalSection
	GlobalSection(ProjectConfigurationPlatforms) = postSolution
		{9F5F05B2-A360-4120-A5C9-42D0C8FE577D}.Debug|Any CPU.ActiveCfg = Debug|Any CPU
		{9F5F05B2-A360-4120-A5C9-42D0C8FE577D}.Debug|Any CPU.Build.0 = Debug|Any CPU
		{9F5F05B2-A360-4120-A5C9-42D0C8FE577D}.Release|Any CPU.ActiveCfg = Release|Any CPU
		{9F5F05B2-A360-4120-A5C9-42D0C8FE577D}.Release|Any CPU.Build.0 = Release|Any CPU
	EndGlobalSection
EndGlobal
